{
  "requires": true,
  "lockfileVersion": 1,
  "dependencies": {
    "@jibestream-dev/jmap-mapui-kit": {
      "version": "1.0.2",
      "resolved": "https://registry.npmjs.org/@jibestream-dev/jmap-mapui-kit/-/jmap-mapui-kit-1.0.2.tgz",
      "integrity": "sha512-u7TR4KGaul56VKCfZOoYfMR041AyO65Fmmsxda8dRtiIOKyxLieWjzWzuYvmssJYK5JLf5yN0bExnh38+NzR+Q=="
    },
    "jmap.js": {
      "version": "4.6.0",
      "resolved": "https://registry.npmjs.org/jmap.js/-/jmap.js-4.6.0.tgz",
      "integrity": "sha512-xe5Ni6S7jvApUygaHxh6KvsksiLLIoDnaCF3zeChgqCPwPL6396A931ZZ1HwMcuCNvcISpcb7M/b6F1SQ72VXw=="
    }
  }
}
